// !$*UTF8*$!
{
	archiveVersion = 1;
	classes = {
	};
	objectVersion = 50;
	objects = {

/* Begin PBXBuildFile section */
		183DE3442640ACA5002B4ADD /* ComposeScene.swift in Sources */ = {isa = PBXBuildFile; fileRef = 183DE3432640ACA5002B4ADD /* ComposeScene.swift */; };
		183DE3472640B589002B4ADD /* TextView.swift in Sources */ = {isa = PBXBuildFile; fileRef = 183DE3462640B589002B4ADD /* TextView.swift */; };
		183DE34B2640B70D002B4ADD /* KeyboardObserver.swift in Sources */ = {isa = PBXBuildFile; fileRef = 183DE34A2640B70D002B4ADD /* KeyboardObserver.swift */; };
		18B0C78626401482007EDE54 /* AppDelegate.swift in Sources */ = {isa = PBXBuildFile; fileRef = 18B0C78526401482007EDE54 /* AppDelegate.swift */; };
		18B0C78826401482007EDE54 /* SceneDelegate.swift in Sources */ = {isa = PBXBuildFile; fileRef = 18B0C78726401482007EDE54 /* SceneDelegate.swift */; };
		18B0C78A26401482007EDE54 /* MemoListScene.swift in Sources */ = {isa = PBXBuildFile; fileRef = 18B0C78926401482007EDE54 /* MemoListScene.swift */; };
		18B0C78D26401482007EDE54 /* SwiftUIMemo.xcdatamodeld in Sources */ = {isa = PBXBuildFile; fileRef = 18B0C78B26401482007EDE54 /* SwiftUIMemo.xcdatamodeld */; };
		18B0C78F26401485007EDE54 /* Assets.xcassets in Resources */ = {isa = PBXBuildFile; fileRef = 18B0C78E26401485007EDE54 /* Assets.xcassets */; };
		18B0C79226401485007EDE54 /* Preview Assets.xcassets in Resources */ = {isa = PBXBuildFile; fileRef = 18B0C79126401485007EDE54 /* Preview Assets.xcassets */; };
		18B0C79526401485007EDE54 /* LaunchScreen.storyboard in Resources */ = {isa = PBXBuildFile; fileRef = 18B0C79326401485007EDE54 /* LaunchScreen.storyboard */; };
		18B0C7A02640157F007EDE54 /* Memo.swift in Sources */ = {isa = PBXBuildFile; fileRef = 18B0C79F2640157F007EDE54 /* Memo.swift */; };
		18B0C7A426401618007EDE54 /* MemoStore.swift in Sources */ = {isa = PBXBuildFile; fileRef = 18B0C7A326401618007EDE54 /* MemoStore.swift */; };
		18B0C7A82640184B007EDE54 /* DateFormatter+Memo.swift in Sources */ = {isa = PBXBuildFile; fileRef = 18B0C7A72640184B007EDE54 /* DateFormatter+Memo.swift */; };
		18B0C7AD26401A41007EDE54 /* MemoCell.swift in Sources */ = {isa = PBXBuildFile; fileRef = 18B0C7AC26401A41007EDE54 /* MemoCell.swift */; };
/* End PBXBuildFile section */

/* Begin PBXFileReference section */
		183DE3432640ACA5002B4ADD /* ComposeScene.swift */ = {isa = PBXFileReference; lastKnownFileType = sourcecode.swift; path = ComposeScene.swift; sourceTree = "<group>"; };
		183DE3462640B589002B4ADD /* TextView.swift */ = {isa = PBXFileReference; lastKnownFileType = sourcecode.swift; path = TextView.swift; sourceTree = "<group>"; };
		183DE34A2640B70D002B4ADD /* KeyboardObserver.swift */ = {isa = PBXFileReference; lastKnownFileType = sourcecode.swift; path = KeyboardObserver.swift; sourceTree = "<group>"; };
		18B0C78226401482007EDE54 /* SwiftUIMemo.app */ = {isa = PBXFileReference; explicitFileType = wrapper.application; includeInIndex = 0; path = SwiftUIMemo.app; sourceTree = BUILT_PRODUCTS_DIR; };
		18B0C78526401482007EDE54 /* AppDelegate.swift */ = {isa = PBXFileReference; lastKnownFileType = sourcecode.swift; path = AppDelegate.swift; sourceTree = "<group>"; };
		18B0C78726401482007EDE54 /* SceneDelegate.swift */ = {isa = PBXFileReference; lastKnownFileType = sourcecode.swift; path = SceneDelegate.swift; sourceTree = "<group>"; };
		18B0C78926401482007EDE54 /* MemoListScene.swift */ = {isa = PBXFileReference; lastKnownFileType = sourcecode.swift; path = MemoListScene.swift; sourceTree = "<group>"; };
		18B0C78C26401482007EDE54 /* SwiftUIMemo.xcdatamodel */ = {isa = PBXFileReference; lastKnownFileType = wrapper.xcdatamodel; path = SwiftUIMemo.xcdatamodel; sourceTree = "<group>"; };
		18B0C78E26401485007EDE54 /* Assets.xcassets */ = {isa = PBXFileReference; lastKnownFileType = folder.assetcatalog; path = Assets.xcassets; sourceTree = "<group>"; };
		18B0C79126401485007EDE54 /* Preview Assets.xcassets */ = {isa = PBXFileReference; lastKnownFileType = folder.assetcatalog; path = "Preview Assets.xcassets"; sourceTree = "<group>"; };
		18B0C79426401485007EDE54 /* Base */ = {isa = PBXFileReference; lastKnownFileType = file.storyboard; name = Base; path = Base.lproj/LaunchScreen.storyboard; sourceTree = "<group>"; };
		18B0C79626401485007EDE54 /* Info.plist */ = {isa = PBXFileReference; lastKnownFileType = text.plist.xml; path = Info.plist; sourceTree = "<group>"; };
		18B0C79F2640157F007EDE54 /* Memo.swift */ = {isa = PBXFileReference; lastKnownFileType = sourcecode.swift; path = Memo.swift; sourceTree = "<group>"; };
		18B0C7A326401618007EDE54 /* MemoStore.swift */ = {isa = PBXFileReference; lastKnownFileType = sourcecode.swift; path = MemoStore.swift; sourceTree = "<group>"; };
		18B0C7A72640184B007EDE54 /* DateFormatter+Memo.swift */ = {isa = PBXFileReference; lastKnownFileType = sourcecode.swift; path = "DateFormatter+Memo.swift"; sourceTree = "<group>"; };
		18B0C7AC26401A41007EDE54 /* MemoCell.swift */ = {isa = PBXFileReference; lastKnownFileType = sourcecode.swift; path = MemoCell.swift; sourceTree = "<group>"; };
/* End PBXFileReference section */

/* Begin PBXFrameworksBuildPhase section */
		18B0C77F26401482007EDE54 /* Frameworks */ = {
			isa = PBXFrameworksBuildPhase;
			buildActionMask = 2147483647;
			files = (
			);
			runOnlyForDeploymentPostprocessing = 0;
		};
/* End PBXFrameworksBuildPhase section */

/* Begin PBXGroup section */
		183DE3412640ABCC002B4ADD /* Scene */ = {
			isa = PBXGroup;
			children = (
				18B0C7AB26401A32007EDE54 /* View */,
				18B0C78926401482007EDE54 /* MemoListScene.swift */,
				183DE3432640ACA5002B4ADD /* ComposeScene.swift */,
			);
			path = Scene;
			sourceTree = "<group>";
		};
		183DE3492640B6F9002B4ADD /* Shared */ = {
			isa = PBXGroup;
			children = (
				183DE34A2640B70D002B4ADD /* KeyboardObserver.swift */,
			);
			path = Shared;
			sourceTree = "<group>";
		};
		18B0C77926401482007EDE54 = {
			isa = PBXGroup;
			children = (
				18B0C78426401482007EDE54 /* SwiftUIMemo */,
				18B0C78326401482007EDE54 /* Products */,
			);
			sourceTree = "<group>";
		};
		18B0C78326401482007EDE54 /* Products */ = {
			isa = PBXGroup;
			children = (
				18B0C78226401482007EDE54 /* SwiftUIMemo.app */,
			);
			name = Products;
			sourceTree = "<group>";
		};
		18B0C78426401482007EDE54 /* SwiftUIMemo */ = {
			isa = PBXGroup;
			children = (
				183DE3492640B6F9002B4ADD /* Shared */,
				183DE3412640ABCC002B4ADD /* Scene */,
				18B0C7A626401831007EDE54 /* Extension */,
				18B0C79E2640156C007EDE54 /* Model */,
				18B0C78526401482007EDE54 /* AppDelegate.swift */,
				18B0C78726401482007EDE54 /* SceneDelegate.swift */,
				18B0C78E26401485007EDE54 /* Assets.xcassets */,
				18B0C79326401485007EDE54 /* LaunchScreen.storyboard */,
				18B0C79626401485007EDE54 /* Info.plist */,
				18B0C78B26401482007EDE54 /* SwiftUIMemo.xcdatamodeld */,
				18B0C79026401485007EDE54 /* Preview Content */,
			);
			path = SwiftUIMemo;
			sourceTree = "<group>";
		};
		18B0C79026401485007EDE54 /* Preview Content */ = {
			isa = PBXGroup;
			children = (
				18B0C79126401485007EDE54 /* Preview Assets.xcassets */,
			);
			path = "Preview Content";
			sourceTree = "<group>";
		};
		18B0C79E2640156C007EDE54 /* Model */ = {
			isa = PBXGroup;
			children = (
				18B0C79F2640157F007EDE54 /* Memo.swift */,
				18B0C7A326401618007EDE54 /* MemoStore.swift */,
			);
			path = Model;
			sourceTree = "<group>";
		};
		18B0C7A626401831007EDE54 /* Extension */ = {
			isa = PBXGroup;
			children = (
				18B0C7A72640184B007EDE54 /* DateFormatter+Memo.swift */,
			);
			path = Extension;
			sourceTree = "<group>";
		};
		18B0C7AB26401A32007EDE54 /* View */ = {
			isa = PBXGroup;
			children = (
				18B0C7AC26401A41007EDE54 /* MemoCell.swift */,
				183DE3462640B589002B4ADD /* TextView.swift */,
			);
			path = View;
			sourceTree = "<group>";
		};
/* End PBXGroup section */

/* Begin PBXNativeTarget section */
		18B0C78126401482007EDE54 /* SwiftUIMemo */ = {
			isa = PBXNativeTarget;
			buildConfigurationList = 18B0C79926401485007EDE54 /* Build configuration list for PBXNativeTarget "SwiftUIMemo" */;
			buildPhases = (
				18B0C77E26401482007EDE54 /* Sources */,
				18B0C77F26401482007EDE54 /* Frameworks */,
				18B0C78026401482007EDE54 /* Resources */,
			);
			buildRules = (
			);
			dependencies = (
			);
			name = SwiftUIMemo;
			productName = SwiftUIMemo;
			productReference = 18B0C78226401482007EDE54 /* SwiftUIMemo.app */;
			productType = "com.apple.product-type.application";
		};
/* End PBXNativeTarget section */

/* Begin PBXProject section */
		18B0C77A26401482007EDE54 /* Project object */ = {
			isa = PBXProject;
			attributes = {
				LastSwiftUpdateCheck = 1240;
				LastUpgradeCheck = 1240;
				TargetAttributes = {
					18B0C78126401482007EDE54 = {
						CreatedOnToolsVersion = 12.4;
					};
				};
			};
			buildConfigurationList = 18B0C77D26401482007EDE54 /* Build configuration list for PBXProject "SwiftUIMemo" */;
			compatibilityVersion = "Xcode 9.3";
			developmentRegion = en;
			hasScannedForEncodings = 0;
			knownRegions = (
				en,
				Base,
			);
			mainGroup = 18B0C77926401482007EDE54;
			productRefGroup = 18B0C78326401482007EDE54 /* Products */;
			projectDirPath = "";
			projectRoot = "";
			targets = (
				18B0C78126401482007EDE54 /* SwiftUIMemo */,
			);
		};
/* End PBXProject section */

/* Begin PBXResourcesBuildPhase section */
		18B0C78026401482007EDE54 /* Resources */ = {
			isa = PBXResourcesBuildPhase;
			buildActionMask = 2147483647;
			files = (
				18B0C79526401485007EDE54 /* LaunchScreen.storyboard in Resources */,
				18B0C79226401485007EDE54 /* Preview Assets.xcassets in Resources */,
				18B0C78F26401485007EDE54 /* Assets.xcassets in Resources */,
			);
			runOnlyForDeploymentPostprocessing = 0;
		};
/* End PBXResourcesBuildPhase section */

/* Begin PBXSourcesBuildPhase section */
		18B0C77E26401482007EDE54 /* Sources */ = {
			isa = PBXSourcesBuildPhase;
			buildActionMask = 2147483647;
			files = (
				18B0C78626401482007EDE54 /* AppDelegate.swift in Sources */,
				18B0C7A426401618007EDE54 /* MemoStore.swift in Sources */,
				183DE34B2640B70D002B4ADD /* KeyboardObserver.swift in Sources */,
				18B0C78D26401482007EDE54 /* SwiftUIMemo.xcdatamodeld in Sources */,
				18B0C7A82640184B007EDE54 /* DateFormatter+Memo.swift in Sources */,
				18B0C78826401482007EDE54 /* SceneDelegate.swift in Sources */,
				18B0C78A26401482007EDE54 /* MemoListScene.swift in Sources */,
				18B0C7A02640157F007EDE54 /* Memo.swift in Sources */,
				18B0C7AD26401A41007EDE54 /* MemoCell.swift in Sources */,
				183DE3442640ACA5002B4ADD /* ComposeScene.swift in Sources */,
				183DE3472640B589002B4ADD /* TextView.swift in Sources */,
			);
			runOnlyForDeploymentPostprocessing = 0;
		};
/* End PBXSourcesBuildPhase section */

/* Begin PBXVariantGroup section */
		18B0C79326401485007EDE54 /* LaunchScreen.storyboard */ = {
			isa = PBXVariantGroup;
			children = (
				18B0C79426401485007EDE54 /* Base */,
			);
			name = LaunchScreen.storyboard;
			sourceTree = "<group>";
		};
/* End PBXVariantGroup section */

/* Begin XCBuildConfiguration section */
		18B0C79726401485007EDE54 /* Debug */ = {
			isa = XCBuildConfiguration;
			buildSettings = {
				ALWAYS_SEARCH_USER_PATHS = NO;
				CLANG_ANALYZER_NONNULL = YES;
				CLANG_ANALYZER_NUMBER_OBJECT_CONVERSION = YES_AGGRESSIVE;
				CLANG_CXX_LANGUAGE_STANDARD = "gnu++14";
				CLANG_CXX_LIBRARY = "libc++";
				CLANG_ENABLE_MODULES = YES;
				CLANG_ENABLE_OBJC_ARC = YES;
				CLANG_ENABLE_OBJC_WEAK = YES;
				CLANG_WARN_BLOCK_CAPTURE_AUTORELEASING = YES;
				CLANG_WARN_BOOL_CONVERSION = YES;
				CLANG_WARN_COMMA = YES;
				CLANG_WARN_CONSTANT_CONVERSION = YES;
				CLANG_WARN_DEPRECATED_OBJC_IMPLEMENTATIONS = YES;
				CLANG_WARN_DIRECT_OBJC_ISA_USAGE = YES_ERROR;
				CLANG_WARN_DOCUMENTATION_COMMENTS = YES;
				CLANG_WARN_EMPTY_BODY = YES;
				CLANG_WARN_ENUM_CONVERSION = YES;
				CLANG_WARN_INFINITE_RECURSION = YES;
				CLANG_WARN_INT_CONVERSION = YES;
				CLANG_WARN_NON_LITERAL_NULL_CONVERSION = YES;
				CLANG_WARN_OBJC_IMPLICIT_RETAIN_SELF = YES;
				CLANG_WARN_OBJC_LITERAL_CONVERSION = YES;
				CLANG_WARN_OBJC_ROOT_CLASS = YES_ERROR;
				CLANG_WARN_QUOTED_INCLUDE_IN_FRAMEWORK_HEADER = YES;
				CLANG_WARN_RANGE_LOOP_ANALYSIS = YES;
				CLANG_WARN_STRICT_PROTOTYPES = YES;
				CLANG_WARN_SUSPICIOUS_MOVE = YES;
				CLANG_WARN_UNGUARDED_AVAILABILITY = YES_AGGRESSIVE;
				CLANG_WARN_UNREACHABLE_CODE = YES;
				CLANG_WARN__DUPLICATE_METHOD_MATCH = YES;
				COPY_PHASE_STRIP = NO;
				DEBUG_INFORMATION_FORMAT = dwarf;
				ENABLE_STRICT_OBJC_MSGSEND = YES;
				ENABLE_TESTABILITY = YES;
				GCC_C_LANGUAGE_STANDARD = gnu11;
				GCC_DYNAMIC_NO_PIC = NO;
				GCC_NO_COMMON_BLOCKS = YES;
				GCC_OPTIMIZATION_LEVEL = 0;
				GCC_PREPROCESSOR_DEFINITIONS = (
					"DEBUG=1",
					"$(inherited)",
				);
				GCC_WARN_64_TO_32_BIT_CONVERSION = YES;
				GCC_WARN_ABOUT_RETURN_TYPE = YES_ERROR;
				GCC_WARN_UNDECLARED_SELECTOR = YES;
				GCC_WARN_UNINITIALIZED_AUTOS = YES_AGGRESSIVE;
				GCC_WARN_UNUSED_FUNCTION = YES;
				GCC_WARN_UNUSED_VARIABLE = YES;
				IPHONEOS_DEPLOYMENT_TARGET = 14.4;
				MTL_ENABLE_DEBUG_INFO = INCLUDE_SOURCE;
				MTL_FAST_MATH = YES;
				ONLY_ACTIVE_ARCH = YES;
				SDKROOT = iphoneos;
				SWIFT_ACTIVE_COMPILATION_CONDITIONS = DEBUG;
				SWIFT_OPTIMIZATION_LEVEL = "-Onone";
			};
			name = Debug;
		};
		18B0C79826401485007EDE54 /* Release */ = {
			isa = XCBuildConfiguration;
			buildSettings = {
				ALWAYS_SEARCH_USER_PATHS = NO;
				CLANG_ANALYZER_NONNULL = YES;
				CLANG_ANALYZER_NUMBER_OBJECT_CONVERSION = YES_AGGRESSIVE;
				CLANG_CXX_LANGUAGE_STANDARD = "gnu++14";
				CLANG_CXX_LIBRARY = "libc++";
				CLANG_ENABLE_MODULES = YES;
				CLANG_ENABLE_OBJC_ARC = YES;
				CLANG_ENABLE_OBJC_WEAK = YES;
				CLANG_WARN_BLOCK_CAPTURE_AUTORELEASING = YES;
				CLANG_WARN_BOOL_CONVERSION = YES;
				CLANG_WARN_COMMA = YES;
				CLANG_WARN_CONSTANT_CONVERSION = YES;
				CLANG_WARN_DEPRECATED_OBJC_IMPLEMENTATIONS = YES;
				CLANG_WARN_DIRECT_OBJC_ISA_USAGE = YES_ERROR;
				CLANG_WARN_DOCUMENTATION_COMMENTS = YES;
				CLANG_WARN_EMPTY_BODY = YES;
				CLANG_WARN_ENUM_CONVERSION = YES;
				CLANG_WARN_INFINITE_RECURSION = YES;
				CLANG_WARN_INT_CONVERSION = YES;
				CLANG_WARN_NON_LITERAL_NULL_CONVERSION = YES;
				CLANG_WARN_OBJC_IMPLICIT_RETAIN_SELF = YES;
				CLANG_WARN_OBJC_LITERAL_CONVERSION = YES;
				CLANG_WARN_OBJC_ROOT_CLASS = YES_ERROR;
				CLANG_WARN_QUOTED_INCLUDE_IN_FRAMEWORK_HEADER = YES;
				CLANG_WARN_RANGE_LOOP_ANALYSIS = YES;
				CLANG_WARN_STRICT_PROTOTYPES = YES;
				CLANG_WARN_SUSPICIOUS_MOVE = YES;
				CLANG_WARN_UNGUARDED_AVAILABILITY = YES_AGGRESSIVE;
				CLANG_WARN_UNREACHABLE_CODE = YES;
				CLANG_WARN__DUPLICATE_METHOD_MATCH = YES;
				COPY_PHASE_STRIP = NO;
				DEBUG_INFORMATION_FORMAT = "dwarf-with-dsym";
				ENABLE_NS_ASSERTIONS = NO;
				ENABLE_STRICT_OBJC_MSGSEND = YES;
				GCC_C_LANGUAGE_STANDARD = gnu11;
				GCC_NO_COMMON_BLOCKS = YES;
				GCC_WARN_64_TO_32_BIT_CONVERSION = YES;
				GCC_WARN_ABOUT_RETURN_TYPE = YES_ERROR;
				GCC_WARN_UNDECLARED_SELECTOR = YES;
				GCC_WARN_UNINITIALIZED_AUTOS = YES_AGGRESSIVE;
				GCC_WARN_UNUSED_FUNCTION = YES;
				GCC_WARN_UNUSED_VARIABLE = YES;
				IPHONEOS_DEPLOYMENT_TARGET = 14.4;
				MTL_ENABLE_DEBUG_INFO = NO;
				MTL_FAST_MATH = YES;
				SDKROOT = iphoneos;
				SWIFT_COMPILATION_MODE = wholemodule;
				SWIFT_OPTIMIZATION_LEVEL = "-O";
				VALIDATE_PRODUCT = YES;
			};
			name = Release;
		};
		18B0C79A26401485007EDE54 /* Debug */ = {
			isa = XCBuildConfiguration;
			buildSettings = {
				ASSETCATALOG_COMPILER_APPICON_NAME = AppIcon;
				ASSETCATALOG_COMPILER_GLOBAL_ACCENT_COLOR_NAME = AccentColor;
				CODE_SIGN_STYLE = Automatic;
				DEVELOPMENT_ASSET_PATHS = "\"SwiftUIMemo/Preview Content\"";
				DEVELOPMENT_TEAM = 4FTFKXF8N5;
				ENABLE_PREVIEWS = YES;
				INFOPLIST_FILE = SwiftUIMemo/Info.plist;
				LD_RUNPATH_SEARCH_PATHS = (
					"$(inherited)",
					"@executable_path/Frameworks",
				);
				PRODUCT_BUNDLE_IDENTIFIER = com.JeongminKim.SwiftUIMemo;
				PRODUCT_NAME = "$(TARGET_NAME)";
				SWIFT_VERSION = 5.0;
				TARGETED_DEVICE_FAMILY = "1,2";
			};
			name = Debug;
		};
		18B0C79B26401485007EDE54 /* Release */ = {
			isa = XCBuildConfiguration;
			buildSettings = {
				ASSETCATALOG_COMPILER_APPICON_NAME = AppIcon;
				ASSETCATALOG_COMPILER_GLOBAL_ACCENT_COLOR_NAME = AccentColor;
				CODE_SIGN_STYLE = Automatic;
				DEVELOPMENT_ASSET_PATHS = "\"SwiftUIMemo/Preview Content\"";
				DEVELOPMENT_TEAM = 4FTFKXF8N5;
				ENABLE_PREVIEWS = YES;
				INFOPLIST_FILE = SwiftUIMemo/Info.plist;
				LD_RUNPATH_SEARCH_PATHS = (
					"$(inherited)",
					"@executable_path/Frameworks",
				);
				PRODUCT_BUNDLE_IDENTIFIER = com.JeongminKim.SwiftUIMemo;
				PRODUCT_NAME = "$(TARGET_NAME)";
				SWIFT_VERSION = 5.0;
				TARGETED_DEVICE_FAMILY = "1,2";
			};
			name = Release;
		};
/* End XCBuildConfiguration section */

/* Begin XCConfigurationList section */
		18B0C77D26401482007EDE54 /* Build configuration list for PBXProject "SwiftUIMemo" */ = {
			isa = XCConfigurationList;
			buildConfigurations = (
				18B0C79726401485007EDE54 /* Debug */,
				18B0C79826401485007EDE54 /* Release */,
			);
			defaultConfigurationIsVisible = 0;
			defaultConfigurationName = Release;
		};
		18B0C79926401485007EDE54 /* Build configuration list for PBXNativeTarget "SwiftUIMemo" */ = {
			isa = XCConfigurationList;
			buildConfigurations = (
				18B0C79A26401485007EDE54 /* Debug */,
				18B0C79B26401485007EDE54 /* Release */,
			);
			defaultConfigurationIsVisible = 0;
			defaultConfigurationName = Release;
		};
/* End XCConfigurationList section */

/* Begin XCVersionGroup section */
		18B0C78B26401482007EDE54 /* SwiftUIMemo.xcdatamodeld */ = {
			isa = XCVersionGroup;
			children = (
				18B0C78C26401482007EDE54 /* SwiftUIMemo.xcdatamodel */,
			);
			currentVersion = 18B0C78C26401482007EDE54 /* SwiftUIMemo.xcdatamodel */;
			path = SwiftUIMemo.xcdatamodeld;
			sourceTree = "<group>";
			versionGroupType = wrapper.xcdatamodel;
		};
/* End XCVersionGroup section */
	};
	rootObject = 18B0C77A26401482007EDE54 /* Project object */;
}
